
Microsoft Visual Studio Solution File, Format Version 12.00
# Visual Studio Version 16
VisualStudioVersion = 16.0.32510.428
MinimumVisualStudioVersion = 10.0.40219.1
Project("{9A19103F-16F7-4668-BE54-9A1E7A4F7556}") = "casestudy", "casestudy.csproj", "{16613B02-5AFA-4CE0-A43F-62144A2C7DFF}"
EndProject
Global
	GlobalSection(SolutionConfigurationPlatforms) = preSolution
		Debug|Any CPU = Debug|Any CPU
		Release|Any CPU = Release|Any CPU
	EndGlobalSection
	GlobalSection(ProjectConfigurationPlatforms) = postSolution
		{16613B02-5AFA-4CE0-A43F-62144A2C7DFF}.Debug|Any CPU.ActiveCfg = Debug|Any CPU
		{16613B02-5AFA-4CE0-A43F-62144A2C7DFF}.Debug|Any CPU.Build.0 = Debug|Any CPU
		{16613B02-5AFA-4CE0-A43F-62144A2C7DFF}.Release|Any CPU.ActiveCfg = Release|Any CPU
		{16613B02-5AFA-4CE0-A43F-62144A2C7DFF}.Release|Any CPU.Build.0 = Release|Any CPU
	EndGlobalSection
	GlobalSection(SolutionProperties) = preSolution
		HideSolutionNode = FALSE
	EndGlobalSection
	GlobalSection(ExtensibilityGlobals) = postSolution
		SolutionGuid = {5F5E5FAF-F363-452A-8D69-86996073EB46}
	EndGlobalSection
EndGlobal
